// !$*UTF8*$!
{
	archiveVersion = 1;
	classes = {
	};
	objectVersion = 46;
	objects = {

/* Begin PBXBuildFile section */
		9040BB281C4552AF0097D884 /* AppDelegate.swift in Sources */ = {isa = PBXBuildFile; fileRef = 9040BB271C4552AF0097D884 /* AppDelegate.swift */; };
		9040BB2A1C4552AF0097D884 /* ViewController.swift in Sources */ = {isa = PBXBuildFile; fileRef = 9040BB291C4552AF0097D884 /* ViewController.swift */; };
		9040BB2D1C4552AF0097D884 /* Main.storyboard in Resources */ = {isa = PBXBuildFile; fileRef = 9040BB2B1C4552AF0097D884 /* Main.storyboard */; };
		9040BB2F1C4552AF0097D884 /* Assets.xcassets in Resources */ = {isa = PBXBuildFile; fileRef = 9040BB2E1C4552AF0097D884 /* Assets.xcassets */; };
		9040BB321C4552AF0097D884 /* LaunchScreen.storyboard in Resources */ = {isa = PBXBuildFile; fileRef = 9040BB301C4552AF0097D884 /* LaunchScreen.storyboard */; };
		9040BB3D1C4552AF0097D884 /* BeautyGalleryTests.swift in Sources */ = {isa = PBXBuildFile; fileRef = 9040BB3C1C4552AF0097D884 /* BeautyGalleryTests.swift */; };
		9040BB481C4552AF0097D884 /* BeautyGalleryUITests.swift in Sources */ = {isa = PBXBuildFile; fileRef = 9040BB471C4552AF0097D884 /* BeautyGalleryUITests.swift */; };
/* End PBXBuildFile section */

/* Begin PBXContainerItemProxy section */
		9040BB391C4552AF0097D884 /* PBXContainerItemProxy */ = {
			isa = PBXContainerItemProxy;
			containerPortal = 9040BB1C1C4552AF0097D884 /* Project object */;
			proxyType = 1;
			remoteGlobalIDString = 9040BB231C4552AF0097D884;
			remoteInfo = BeautyGallery;
		};
		9040BB441C4552AF0097D884 /* PBXContainerItemProxy */ = {
			isa = PBXContainerItemProxy;
			containerPortal = 9040BB1C1C4552AF0097D884 /* Project object */;
			proxyType = 1;
			remoteGlobalIDString = 9040BB231C4552AF0097D884;
			remoteInfo = BeautyGallery;
		};
/* End PBXContainerItemProxy section */

/* Begin PBXFileReference section */
		9040BB241C4552AF0097D884 /* BeautyGallery.app */ = {isa = PBXFileReference; explicitFileType = wrapper.application; includeInIndex = 0; path = BeautyGallery.app; sourceTree = BUILT_PRODUCTS_DIR; };
		9040BB271C4552AF0097D884 /* AppDelegate.swift */ = {isa = PBXFileReference; lastKnownFileType = sourcecode.swift; path = AppDelegate.swift; sourceTree = "<group>"; };
		9040BB291C4552AF0097D884 /* ViewController.swift */ = {isa = PBXFileReference; lastKnownFileType = sourcecode.swift; path = ViewController.swift; sourceTree = "<group>"; };
		9040BB2C1C4552AF0097D884 /* Base */ = {isa = PBXFileReference; lastKnownFileType = file.storyboard; name = Base; path = Base.lproj/Main.storyboard; sourceTree = "<group>"; };
		9040BB2E1C4552AF0097D884 /* Assets.xcassets */ = {isa = PBXFileReference; lastKnownFileType = folder.assetcatalog; path = Assets.xcassets; sourceTree = "<group>"; };
		9040BB311C4552AF0097D884 /* Base */ = {isa = PBXFileReference; lastKnownFileType = file.storyboard; name = Base; path = Base.lproj/LaunchScreen.storyboard; sourceTree = "<group>"; };
		9040BB331C4552AF0097D884 /* Info.plist */ = {isa = PBXFileReference; lastKnownFileType = text.plist.xml; path = Info.plist; sourceTree = "<group>"; };
		9040BB381C4552AF0097D884 /* BeautyGalleryTests.xctest */ = {isa = PBXFileReference; explicitFileType = wrapper.cfbundle; includeInIndex = 0; path = BeautyGalleryTests.xctest; sourceTree = BUILT_PRODUCTS_DIR; };
		9040BB3C1C4552AF0097D884 /* BeautyGalleryTests.swift */ = {isa = PBXFileReference; lastKnownFileType = sourcecode.swift; path = BeautyGalleryTests.swift; sourceTree = "<group>"; };
		9040BB3E1C4552AF0097D884 /* Info.plist */ = {isa = PBXFileReference; lastKnownFileType = text.plist.xml; path = Info.plist; sourceTree = "<group>"; };
		9040BB431C4552AF0097D884 /* BeautyGalleryUITests.xctest */ = {isa = PBXFileReference; explicitFileType = wrapper.cfbundle; includeInIndex = 0; path = BeautyGalleryUITests.xctest; sourceTree = BUILT_PRODUCTS_DIR; };
		9040BB471C4552AF0097D884 /* BeautyGalleryUITests.swift */ = {isa = PBXFileReference; lastKnownFileType = sourcecode.swift; path = BeautyGalleryUITests.swift; sourceTree = "<group>"; };
		9040BB491C4552AF0097D884 /* Info.plist */ = {isa = PBXFileReference; lastKnownFileType = text.plist.xml; path = Info.plist; sourceTree = "<group>"; };
/* End PBXFileReference section */

/* Begin PBXFrameworksBuildPhase section */
		9040BB211C4552AF0097D884 /* Frameworks */ = {
			isa = PBXFrameworksBuildPhase;
			buildActionMask = 2147483647;
			files = (
			);
			runOnlyForDeploymentPostprocessing = 0;
		};
		9040BB351C4552AF0097D884 /* Frameworks */ = {
			isa = PBXFrameworksBuildPhase;
			buildActionMask = 2147483647;
			files = (
			);
			runOnlyForDeploymentPostprocessing = 0;
		};
		9040BB401C4552AF0097D884 /* Frameworks */ = {
			isa = PBXFrameworksBuildPhase;
			buildActionMask = 2147483647;
			files = (
			);
			runOnlyForDeploymentPostprocessing = 0;
		};
/* End PBXFrameworksBuildPhase section */

/* Begin PBXGroup section */
		9040BB1B1C4552AF0097D884 = {
			isa = PBXGroup;
			children = (
				9040BB261C4552AF0097D884 /* BeautyGallery */,
				9040BB3B1C4552AF0097D884 /* BeautyGalleryTests */,
				9040BB461C4552AF0097D884 /* BeautyGalleryUITests */,
				9040BB251C4552AF0097D884 /* Products */,
			);
			sourceTree = "<group>";
		};
		9040BB251C4552AF0097D884 /* Products */ = {
			isa = PBXGroup;
			children = (
				9040BB241C4552AF0097D884 /* BeautyGallery.app */,
				9040BB381C4552AF0097D884 /* BeautyGalleryTests.xctest */,
				9040BB431C4552AF0097D884 /* BeautyGalleryUITests.xctest */,
			);
			name = Products;
			sourceTree = "<group>";
		};
		9040BB261C4552AF0097D884 /* BeautyGallery */ = {
			isa = PBXGroup;
			children = (
				9040BB271C4552AF0097D884 /* AppDelegate.swift */,
				9040BB291C4552AF0097D884 /* ViewController.swift */,
				9040BB2B1C4552AF0097D884 /* Main.storyboard */,
				9040BB2E1C4552AF0097D884 /* Assets.xcassets */,
				9040BB301C4552AF0097D884 /* LaunchScreen.storyboard */,
				9040BB331C4552AF0097D884 /* Info.plist */,
			);
			path = BeautyGallery;
			sourceTree = "<group>";
		};
		9040BB3B1C4552AF0097D884 /* BeautyGalleryTests */ = {
			isa = PBXGroup;
			children = (
				9040BB3C1C4552AF0097D884 /* BeautyGalleryTests.swift */,
				9040BB3E1C4552AF0097D884 /* Info.plist */,
			);
			path = BeautyGalleryTests;
			sourceTree = "<group>";
		};
		9040BB461C4552AF0097D884 /* BeautyGalleryUITests */ = {
			isa = PBXGroup;
			children = (
				9040BB471C4552AF0097D884 /* BeautyGalleryUITests.swift */,
				9040BB491C4552AF0097D884 /* Info.plist */,
			);
			path = BeautyGalleryUITests;
			sourceTree = "<group>";
		};
/* End PBXGroup section */

/* Begin PBXNativeTarget section */
		9040BB231C4552AF0097D884 /* BeautyGallery */ = {
			isa = PBXNativeTarget;
			buildConfigurationList = 9040BB4C1C4552AF0097D884 /* Build configuration list for PBXNativeTarget "BeautyGallery" */;
			buildPhases = (
				9040BB201C4552AF0097D884 /* Sources */,
				9040BB211C4552AF0097D884 /* Frameworks */,
				9040BB221C4552AF0097D884 /* Resources */,
			);
			buildRules = (
			);
			dependencies = (
			);
			name = BeautyGallery;
			productName = BeautyGallery;
			productReference = 9040BB241C4552AF0097D884 /* BeautyGallery.app */;
			productType = "com.apple.product-type.application";
		};
		9040BB371C4552AF0097D884 /* BeautyGalleryTests */ = {
			isa = PBXNativeTarget;
			buildConfigurationList = 9040BB4F1C4552AF0097D884 /* Build configuration list for PBXNativeTarget "BeautyGalleryTests" */;
			buildPhases = (
				9040BB341C4552AF0097D884 /* Sources */,
				9040BB351C4552AF0097D884 /* Frameworks */,
				9040BB361C4552AF0097D884 /* Resources */,
			);
			buildRules = (
			);
			dependencies = (
				9040BB3A1C4552AF0097D884 /* PBXTargetDependency */,
			);
			name = BeautyGalleryTests;
			productName = BeautyGalleryTests;
			productReference = 9040BB381C4552AF0097D884 /* BeautyGalleryTests.xctest */;
			productType = "com.apple.product-type.bundle.unit-test";
		};
		9040BB421C4552AF0097D884 /* BeautyGalleryUITests */ = {
			isa = PBXNativeTarget;
			buildConfigurationList = 9040BB521C4552AF0097D884 /* Build configuration list for PBXNativeTarget "BeautyGalleryUITests" */;
			buildPhases = (
				9040BB3F1C4552AF0097D884 /* Sources */,
				9040BB401C4552AF0097D884 /* Frameworks */,
				9040BB411C4552AF0097D884 /* Resources */,
			);
			buildRules = (
			);
			dependencies = (
				9040BB451C4552AF0097D884 /* PBXTargetDependency */,
			);
			name = BeautyGalleryUITests;
			productName = BeautyGalleryUITests;
			productReference = 9040BB431C4552AF0097D884 /* BeautyGalleryUITests.xctest */;
			productType = "com.apple.product-type.bundle.ui-testing";
		};
/* End PBXNativeTarget section */

/* Begin PBXProject section */
		9040BB1C1C4552AF0097D884 /* Project object */ = {
			isa = PBXProject;
			attributes = {
				LastSwiftUpdateCheck = 0720;
				LastUpgradeCheck = 0720;
				ORGANIZATIONNAME = "周椿杰";
				TargetAttributes = {
					9040BB231C4552AF0097D884 = {
						CreatedOnToolsVersion = 7.2;
					};
					9040BB371C4552AF0097D884 = {
						CreatedOnToolsVersion = 7.2;
						TestTargetID = 9040BB231C4552AF0097D884;
					};
					9040BB421C4552AF0097D884 = {
						CreatedOnToolsVersion = 7.2;
						TestTargetID = 9040BB231C4552AF0097D884;
					};
				};
			};
			buildConfigurationList = 9040BB1F1C4552AF0097D884 /* Build configuration list for PBXProject "BeautyGallery" */;
			compatibilityVersion = "Xcode 3.2";
			developmentRegion = English;
			hasScannedForEncodings = 0;
			knownRegions = (
				en,
				Base,
			);
			mainGroup = 9040BB1B1C4552AF0097D884;
			productRefGroup = 9040BB251C4552AF0097D884 /* Products */;
			projectDirPath = "";
			projectRoot = "";
			targets = (
				9040BB231C4552AF0097D884 /* BeautyGallery */,
				9040BB371C4552AF0097D884 /* BeautyGalleryTests */,
				9040BB421C4552AF0097D884 /* BeautyGalleryUITests */,
			);
		};
/* End PBXProject section */

/* Begin PBXResourcesBuildPhase section */
		9040BB221C4552AF0097D884 /* Resources */ = {
			isa = PBXResourcesBuildPhase;
			buildActionMask = 2147483647;
			files = (
				9040BB321C4552AF0097D884 /* LaunchScreen.storyboard in Resources */,
				9040BB2F1C4552AF0097D884 /* Assets.xcassets in Resources */,
				9040BB2D1C4552AF0097D884 /* Main.storyboard in Resources */,
			);
			runOnlyForDeploymentPostprocessing = 0;
		};
		9040BB361C4552AF0097D884 /* Resources */ = {
			isa = PBXResourcesBuildPhase;
			buildActionMask = 2147483647;
			files = (
			);
			runOnlyForDeploymentPostprocessing = 0;
		};
		9040BB411C4552AF0097D884 /* Resources */ = {
			isa = PBXResourcesBuildPhase;
			buildActionMask = 2147483647;
			files = (
			);
			runOnlyForDeploymentPostprocessing = 0;
		};
/* End PBXResourcesBuildPhase section */

/* Begin PBXSourcesBuildPhase section */
		9040BB201C4552AF0097D884 /* Sources */ = {
			isa = PBXSourcesBuildPhase;
			buildActionMask = 2147483647;
			files = (
				9040BB2A1C4552AF0097D884 /* ViewController.swift in Sources */,
				9040BB281C4552AF0097D884 /* AppDelegate.swift in Sources */,
			);
			runOnlyForDeploymentPostprocessing = 0;
		};
		9040BB341C4552AF0097D884 /* Sources */ = {
			isa = PBXSourcesBuildPhase;
			buildActionMask = 2147483647;
			files = (
				9040BB3D1C4552AF0097D884 /* BeautyGalleryTests.swift in Sources */,
			);
			runOnlyForDeploymentPostprocessing = 0;
		};
		9040BB3F1C4552AF0097D884 /* Sources */ = {
			isa = PBXSourcesBuildPhase;
			buildActionMask = 2147483647;
			files = (
				9040BB481C4552AF0097D884 /* BeautyGalleryUITests.swift in Sources */,
			);
			runOnlyForDeploymentPostprocessing = 0;
		};
/* End PBXSourcesBuildPhase section */

/* Begin PBXTargetDependency section */
		9040BB3A1C4552AF0097D884 /* PBXTargetDependency */ = {
			isa = PBXTargetDependency;
			target = 9040BB231C4552AF0097D884 /* BeautyGallery */;
			targetProxy = 9040BB391C4552AF0097D884 /* PBXContainerItemProxy */;
		};
		9040BB451C4552AF0097D884 /* PBXTargetDependency */ = {
			isa = PBXTargetDependency;
			target = 9040BB231C4552AF0097D884 /* BeautyGallery */;
			targetProxy = 9040BB441C4552AF0097D884 /* PBXContainerItemProxy */;
		};
/* End PBXTargetDependency section */

/* Begin PBXVariantGroup section */
		9040BB2B1C4552AF0097D884 /* Main.storyboard */ = {
			isa = PBXVariantGroup;
			children = (
				9040BB2C1C4552AF0097D884 /* Base */,
			);
			name = Main.storyboard;
			sourceTree = "<group>";
		};
		9040BB301C4552AF0097D884 /* LaunchScreen.storyboard */ = {
			isa = PBXVariantGroup;
			children = (
				9040BB311C4552AF0097D884 /* Base */,
			);
			name = LaunchScreen.storyboard;
			sourceTree = "<group>";
		};
/* End PBXVariantGroup section */

/* Begin XCBuildConfiguration section */
		9040BB4A1C4552AF0097D884 /* Debug */ = {
			isa = XCBuildConfiguration;
			buildSettings = {
				ALWAYS_SEARCH_USER_PATHS = NO;
				CLANG_CXX_LANGUAGE_STANDARD = "gnu++0x";
				CLANG_CXX_LIBRARY = "libc++";
				CLANG_ENABLE_MODULES = YES;
				CLANG_ENABLE_OBJC_ARC = YES;
				CLANG_WARN_BOOL_CONVERSION = YES;
				CLANG_WARN_CONSTANT_CONVERSION = YES;
				CLANG_WARN_DIRECT_OBJC_ISA_USAGE = YES_ERROR;
				CLANG_WARN_EMPTY_BODY = YES;
				CLANG_WARN_ENUM_CONVERSION = YES;
				CLANG_WARN_INT_CONVERSION = YES;
				CLANG_WARN_OBJC_ROOT_CLASS = YES_ERROR;
				CLANG_WARN_UNREACHABLE_CODE = YES;
				CLANG_WARN__DUPLICATE_METHOD_MATCH = YES;
				"CODE_SIGN_IDENTITY[sdk=iphoneos*]" = "iPhone Developer";
				COPY_PHASE_STRIP = NO;
				DEBUG_INFORMATION_FORMAT = dwarf;
				ENABLE_STRICT_OBJC_MSGSEND = YES;
				ENABLE_TESTABILITY = YES;
				GCC_C_LANGUAGE_STANDARD = gnu99;
				GCC_DYNAMIC_NO_PIC = NO;
				GCC_NO_COMMON_BLOCKS = YES;
				GCC_OPTIMIZATION_LEVEL = 0;
				GCC_PREPROCESSOR_DEFINITIONS = (
					"DEBUG=1",
					"$(inherited)",
				);
				GCC_WARN_64_TO_32_BIT_CONVERSION = YES;
				GCC_WARN_ABOUT_RETURN_TYPE = YES_ERROR;
				GCC_WARN_UNDECLARED_SELECTOR = YES;
				GCC_WARN_UNINITIALIZED_AUTOS = YES_AGGRESSIVE;
				GCC_WARN_UNUSED_FUNCTION = YES;
				GCC_WARN_UNUSED_VARIABLE = YES;
				IPHONEOS_DEPLOYMENT_TARGET = 9.2;
				MTL_ENABLE_DEBUG_INFO = YES;
				ONLY_ACTIVE_ARCH = YES;
				SDKROOT = iphoneos;
				SWIFT_OPTIMIZATION_LEVEL = "-Onone";
			};
			name = Debug;
		};
		9040BB4B1C4552AF0097D884 /* Release */ = {
			isa = XCBuildConfiguration;
			buildSettings = {
				ALWAYS_SEARCH_USER_PATHS = NO;
				CLANG_CXX_LANGUAGE_STANDARD = "gnu++0x";
				CLANG_CXX_LIBRARY = "libc++";
				CLANG_ENABLE_MODULES = YES;
				CLANG_ENABLE_OBJC_ARC = YES;
				CLANG_WARN_BOOL_CONVERSION = YES;
				CLANG_WARN_CONSTANT_CONVERSION = YES;
				CLANG_WARN_DIRECT_OBJC_ISA_USAGE = YES_ERROR;
				CLANG_WARN_EMPTY_BODY = YES;
				CLANG_WARN_ENUM_CONVERSION = YES;
				CLANG_WARN_INT_CONVERSION = YES;
				CLANG_WARN_OBJC_ROOT_CLASS = YES_ERROR;
				CLANG_WARN_UNREACHABLE_CODE = YES;
				CLANG_WARN__DUPLICATE_METHOD_MATCH = YES;
				"CODE_SIGN_IDENTITY[sdk=iphoneos*]" = "iPhone Developer";
				COPY_PHASE_STRIP = NO;
				DEBUG_INFORMATION_FORMAT = "dwarf-with-dsym";
				ENABLE_NS_ASSERTIONS = NO;
				ENABLE_STRICT_OBJC_MSGSEND = YES;
				GCC_C_LANGUAGE_STANDARD = gnu99;
				GCC_NO_COMMON_BLOCKS = YES;
				GCC_WARN_64_TO_32_BIT_CONVERSION = YES;
				GCC_WARN_ABOUT_RETURN_TYPE = YES_ERROR;
				GCC_WARN_UNDECLARED_SELECTOR = YES;
				GCC_WARN_UNINITIALIZED_AUTOS = YES_AGGRESSIVE;
				GCC_WARN_UNUSED_FUNCTION = YES;
				GCC_WARN_UNUSED_VARIABLE = YES;
				IPHONEOS_DEPLOYMENT_TARGET = 9.2;
				MTL_ENABLE_DEBUG_INFO = NO;
				SDKROOT = iphoneos;
				VALIDATE_PRODUCT = YES;
			};
			name = Release;
		};
		9040BB4D1C4552AF0097D884 /* Debug */ = {
			isa = XCBuildConfiguration;
			buildSettings = {
				ASSETCATALOG_COMPILER_APPICON_NAME = AppIcon;
				INFOPLIST_FILE = BeautyGallery/Info.plist;
				LD_RUNPATH_SEARCH_PATHS = "$(inherited) @executable_path/Frameworks";
				PRODUCT_BUNDLE_IDENTIFIER = com.leoz.BeautyGallery;
				PRODUCT_NAME = "$(TARGET_NAME)";
			};
			name = Debug;
		};
		9040BB4E1C4552AF0097D884 /* Release */ = {
			isa = XCBuildConfiguration;
			buildSettings = {
				ASSETCATALOG_COMPILER_APPICON_NAME = AppIcon;
				INFOPLIST_FILE = BeautyGallery/Info.plist;
				LD_RUNPATH_SEARCH_PATHS = "$(inherited) @executable_path/Frameworks";
				PRODUCT_BUNDLE_IDENTIFIER = com.leoz.BeautyGallery;
				PRODUCT_NAME = "$(TARGET_NAME)";
			};
			name = Release;
		};
		9040BB501C4552AF0097D884 /* Debug */ = {
			isa = XCBuildConfiguration;
			buildSettings = {
				BUNDLE_LOADER = "$(TEST_HOST)";
				INFOPLIST_FILE = BeautyGalleryTests/Info.plist;
				LD_RUNPATH_SEARCH_PATHS = "$(inherited) @executable_path/Frameworks @loader_path/Frameworks";
				PRODUCT_BUNDLE_IDENTIFIER = com.leoz.BeautyGalleryTests;
				PRODUCT_NAME = "$(TARGET_NAME)";
				TEST_HOST = "$(BUILT_PRODUCTS_DIR)/BeautyGallery.app/BeautyGallery";
			};
			name = Debug;
		};
		9040BB511C4552AF0097D884 /* Release */ = {
			isa = XCBuildConfiguration;
			buildSettings = {
				BUNDLE_LOADER = "$(TEST_HOST)";
				INFOPLIST_FILE = BeautyGalleryTests/Info.plist;
				LD_RUNPATH_SEARCH_PATHS = "$(inherited) @executable_path/Frameworks @loader_path/Frameworks";
				PRODUCT_BUNDLE_IDENTIFIER = com.leoz.BeautyGalleryTests;
				PRODUCT_NAME = "$(TARGET_NAME)";
				TEST_HOST = "$(BUILT_PRODUCTS_DIR)/BeautyGallery.app/BeautyGallery";
			};
			name = Release;
		};
		9040BB531C4552AF0097D884 /* Debug */ = {
			isa = XCBuildConfiguration;
			buildSettings = {
				INFOPLIST_FILE = BeautyGalleryUITests/Info.plist;
				LD_RUNPATH_SEARCH_PATHS = "$(inherited) @executable_path/Frameworks @loader_path/Frameworks";
				PRODUCT_BUNDLE_IDENTIFIER = com.leoz.BeautyGalleryUITests;
				PRODUCT_NAME = "$(TARGET_NAME)";
				TEST_TARGET_NAME = BeautyGallery;
				USES_XCTRUNNER = YES;
			};
			name = Debug;
		};
		9040BB541C4552AF0097D884 /* Release */ = {
			isa = XCBuildConfiguration;
			buildSettings = {
				INFOPLIST_FILE = BeautyGalleryUITests/Info.plist;
				LD_RUNPATH_SEARCH_PATHS = "$(inherited) @executable_path/Frameworks @loader_path/Frameworks";
				PRODUCT_BUNDLE_IDENTIFIER = com.leoz.BeautyGalleryUITests;
				PRODUCT_NAME = "$(TARGET_NAME)";
				TEST_TARGET_NAME = BeautyGallery;
				USES_XCTRUNNER = YES;
			};
			name = Release;
		};
/* End XCBuildConfiguration section */

/* Begin XCConfigurationList section */
		9040BB1F1C4552AF0097D884 /* Build configuration list for PBXProject "BeautyGallery" */ = {
			isa = XCConfigurationList;
			buildConfigurations = (
				9040BB4A1C4552AF0097D884 /* Debug */,
				9040BB4B1C4552AF0097D884 /* Release */,
			);
			defaultConfigurationIsVisible = 0;
			defaultConfigurationName = Release;
		};
		9040BB4C1C4552AF0097D884 /* Build configuration list for PBXNativeTarget "BeautyGallery" */ = {
			isa = XCConfigurationList;
			buildConfigurations = (
				9040BB4D1C4552AF0097D884 /* Debug */,
				9040BB4E1C4552AF0097D884 /* Release */,
			);
			defaultConfigurationIsVisible = 0;
		};
		9040BB4F1C4552AF0097D884 /* Build configuration list for PBXNativeTarget "BeautyGalleryTests" */ = {
			isa = XCConfigurationList;
			buildConfigurations = (
				9040BB501C4552AF0097D884 /* Debug */,
				9040BB511C4552AF0097D884 /* Release */,
			);
			defaultConfigurationIsVisible = 0;
		};
		9040BB521C4552AF0097D884 /* Build configuration list for PBXNativeTarget "BeautyGalleryUITests" */ = {
			isa = XCConfigurationList;
			buildConfigurations = (
				9040BB531C4552AF0097D884 /* Debug */,
				9040BB541C4552AF0097D884 /* Release */,
			);
			defaultConfigurationIsVisible = 0;
		};
/* End XCConfigurationList section */
	};
	rootObject = 9040BB1C1C4552AF0097D884 /* Project object */;
}
